
Microsoft Visual Studio Solution File, Format Version 12.00
# Visual Studio Version 17
VisualStudioVersion = 17.0.31912.275
MinimumVisualStudioVersion = 10.0.40219.1
Project("{9A19103F-16F7-4668-BE54-9A1E7A4F7556}") = "LambdaNet6", "src\LambdaNet6\LambdaNet6.csproj", "{587A2FBD-BF18-47ED-A12F-74A52391CC6C}"
EndProject
Project("{9A19103F-16F7-4668-BE54-9A1E7A4F7556}") = "LambdaNet6.Tests", "test\LambdaNet6.Tests\LambdaNet6.Tests.csproj", "{338167B5-4BBB-454F-B8EE-8B7159E79307}"
EndProject
Global
	GlobalSection(SolutionConfigurationPlatforms) = preSolution
		Debug|Any CPU = Debug|Any CPU
		Release|Any CPU = Release|Any CPU
	EndGlobalSection
	GlobalSection(ProjectConfigurationPlatforms) = postSolution
		{587A2FBD-BF18-47ED-A12F-74A52391CC6C}.Debug|Any CPU.ActiveCfg = Debug|Any CPU
		{587A2FBD-BF18-47ED-A12F-74A52391CC6C}.Debug|Any CPU.Build.0 = Debug|Any CPU
		{587A2FBD-BF18-47ED-A12F-74A52391CC6C}.Release|Any CPU.ActiveCfg = Release|Any CPU
		{587A2FBD-BF18-47ED-A12F-74A52391CC6C}.Release|Any CPU.Build.0 = Release|Any CPU
		{338167B5-4BBB-454F-B8EE-8B7159E79307}.Debug|Any CPU.ActiveCfg = Debug|Any CPU
		{338167B5-4BBB-454F-B8EE-8B7159E79307}.Debug|Any CPU.Build.0 = Debug|Any CPU
		{338167B5-4BBB-454F-B8EE-8B7159E79307}.Release|Any CPU.ActiveCfg = Release|Any CPU
		{338167B5-4BBB-454F-B8EE-8B7159E79307}.Release|Any CPU.Build.0 = Release|Any CPU
	EndGlobalSection
	GlobalSection(SolutionProperties) = preSolution
		HideSolutionNode = FALSE
	EndGlobalSection
	GlobalSection(ExtensibilityGlobals) = postSolution
		SolutionGuid = {8246E19B-4497-491D-A534-524040391887}
	EndGlobalSection
EndGlobal
